
Microsoft Visual Studio Solution File, Format Version 12.00
# Visual Studio Version 16
VisualStudioVersion = 16.0.31729.503
MinimumVisualStudioVersion = 10.0.40219.1
Project("{9A19103F-16F7-4668-BE54-9A1E7A4F7556}") = "MVCPeople", "WebAppMvcPeoples\MVCPeople.csproj", "{0A8AA9C5-587F-4230-AB58-96BFFAA7E3D0}"
EndProject
Global
	GlobalSection(SolutionConfigurationPlatforms) = preSolution
		Debug|Any CPU = Debug|Any CPU
		Release|Any CPU = Release|Any CPU
	EndGlobalSection
	GlobalSection(ProjectConfigurationPlatforms) = postSolution
		{0A8AA9C5-587F-4230-AB58-96BFFAA7E3D0}.Debug|Any CPU.ActiveCfg = Debug|Any CPU
		{0A8AA9C5-587F-4230-AB58-96BFFAA7E3D0}.Debug|Any CPU.Build.0 = Debug|Any CPU
		{0A8AA9C5-587F-4230-AB58-96BFFAA7E3D0}.Release|Any CPU.ActiveCfg = Release|Any CPU
		{0A8AA9C5-587F-4230-AB58-96BFFAA7E3D0}.Release|Any CPU.Build.0 = Release|Any CPU
	EndGlobalSection
	GlobalSection(SolutionProperties) = preSolution
		HideSolutionNode = FALSE
	EndGlobalSection
	GlobalSection(ExtensibilityGlobals) = postSolution
		SolutionGuid = {3DAD17E5-AA37-4070-B18C-5CB7771DDBCB}
	EndGlobalSection
EndGlobal
